// !$*UTF8*$!
{
	archiveVersion = 1;
	classes = {
	};
	objectVersion = 46;
	objects = {

/* Begin PBXBuildFile section */
		8357A99A1AB07A0A00957BB9 /* TripMeViewController.swift in Sources */ = {isa = PBXBuildFile; fileRef = 8357A9991AB07A0A00957BB9 /* TripMeViewController.swift */; };
		8357A99C1AB07ACD00957BB9 /* Connection.swift in Sources */ = {isa = PBXBuildFile; fileRef = 8357A99B1AB07ACD00957BB9 /* Connection.swift */; };
		8357A9B11AB0817C00957BB9 /* Alamofire.swift in Sources */ = {isa = PBXBuildFile; fileRef = 8357A9B01AB0817C00957BB9 /* Alamofire.swift */; };
		839807E61AB1D27B00A70CBC /* TripMeTableViewCell.swift in Sources */ = {isa = PBXBuildFile; fileRef = 839807E51AB1D27B00A70CBC /* TripMeTableViewCell.swift */; };
		839B90781AA6C8C4002E0A01 /* AppDelegate.swift in Sources */ = {isa = PBXBuildFile; fileRef = 839B90771AA6C8C4002E0A01 /* AppDelegate.swift */; };
		839B907D1AA6C8C4002E0A01 /* Main.storyboard in Resources */ = {isa = PBXBuildFile; fileRef = 839B907B1AA6C8C4002E0A01 /* Main.storyboard */; };
		839B907F1AA6C8C4002E0A01 /* Images.xcassets in Resources */ = {isa = PBXBuildFile; fileRef = 839B907E1AA6C8C4002E0A01 /* Images.xcassets */; };
		839B90821AA6C8C4002E0A01 /* LaunchScreen.xib in Resources */ = {isa = PBXBuildFile; fileRef = 839B90801AA6C8C4002E0A01 /* LaunchScreen.xib */; };
		839B908E1AA6C8C4002E0A01 /* TripsTapTests.swift in Sources */ = {isa = PBXBuildFile; fileRef = 839B908D1AA6C8C4002E0A01 /* TripsTapTests.swift */; };
		839B90981AA76339002E0A01 /* GoogleMaps.framework in Frameworks */ = {isa = PBXBuildFile; fileRef = 839B90971AA76339002E0A01 /* GoogleMaps.framework */; };
		839B909A1AA7660D002E0A01 /* AVFoundation.framework in Frameworks */ = {isa = PBXBuildFile; fileRef = 839B90991AA7660D002E0A01 /* AVFoundation.framework */; };
		839B909C1AA76615002E0A01 /* CoreData.framework in Frameworks */ = {isa = PBXBuildFile; fileRef = 839B909B1AA76615002E0A01 /* CoreData.framework */; };
		839B909E1AA7661D002E0A01 /* CoreLocation.framework in Frameworks */ = {isa = PBXBuildFile; fileRef = 839B909D1AA7661D002E0A01 /* CoreLocation.framework */; };
		839B90A01AA76626002E0A01 /* CoreText.framework in Frameworks */ = {isa = PBXBuildFile; fileRef = 839B909F1AA76626002E0A01 /* CoreText.framework */; };
		839B90A21AA7662F002E0A01 /* GLKit.framework in Frameworks */ = {isa = PBXBuildFile; fileRef = 839B90A11AA7662F002E0A01 /* GLKit.framework */; };
		839B90A41AA76637002E0A01 /* ImageIO.framework in Frameworks */ = {isa = PBXBuildFile; fileRef = 839B90A31AA76637002E0A01 /* ImageIO.framework */; };
		839B90A61AA76646002E0A01 /* libc++.dylib in Frameworks */ = {isa = PBXBuildFile; fileRef = 839B90A51AA76646002E0A01 /* libc++.dylib */; };
		839B90A81AA7664F002E0A01 /* libicucore.dylib in Frameworks */ = {isa = PBXBuildFile; fileRef = 839B90A71AA7664F002E0A01 /* libicucore.dylib */; };
		839B90AA1AA76656002E0A01 /* libz.dylib in Frameworks */ = {isa = PBXBuildFile; fileRef = 839B90A91AA76656002E0A01 /* libz.dylib */; };
		839B90AC1AA7665C002E0A01 /* OpenGLES.framework in Frameworks */ = {isa = PBXBuildFile; fileRef = 839B90AB1AA7665C002E0A01 /* OpenGLES.framework */; };
		839B90AE1AA76662002E0A01 /* QuartzCore.framework in Frameworks */ = {isa = PBXBuildFile; fileRef = 839B90AD1AA76662002E0A01 /* QuartzCore.framework */; };
		839B90B01AA76669002E0A01 /* SystemConfiguration.framework in Frameworks */ = {isa = PBXBuildFile; fileRef = 839B90AF1AA76669002E0A01 /* SystemConfiguration.framework */; };
		839B90B71AA76BC4002E0A01 /* GoogleMaps.bundle in Resources */ = {isa = PBXBuildFile; fileRef = 839B90B61AA76BC4002E0A01 /* GoogleMaps.bundle */; };
		83C2790C1AAE00C200052269 /* SlideMenuController.swift in Sources */ = {isa = PBXBuildFile; fileRef = 83C2790B1AAE00C200052269 /* SlideMenuController.swift */; };
		83C279121AAE985900052269 /* MenuViewController.swift in Sources */ = {isa = PBXBuildFile; fileRef = 83C279111AAE985900052269 /* MenuViewController.swift */; };
		83C279141AAE9AAD00052269 /* MainViewController.swift in Sources */ = {isa = PBXBuildFile; fileRef = 83C279131AAE9AAD00052269 /* MainViewController.swift */; };
		83C279161AAF1EC100052269 /* FacebookSDK.framework in Frameworks */ = {isa = PBXBuildFile; fileRef = 83C279151AAF1EC100052269 /* FacebookSDK.framework */; };
/* End PBXBuildFile section */

/* Begin PBXContainerItemProxy section */
		8357A9A61AB07BFC00957BB9 /* PBXContainerItemProxy */ = {
			isa = PBXContainerItemProxy;
			containerPortal = 8357A99F1AB07BFC00957BB9 /* Alamofire.xcodeproj */;
			proxyType = 2;
			remoteGlobalIDString = F8111E3319A95C8B0040E7D1;
			remoteInfo = "Alamofire iOS";
		};
		8357A9A81AB07BFC00957BB9 /* PBXContainerItemProxy */ = {
			isa = PBXContainerItemProxy;
			containerPortal = 8357A99F1AB07BFC00957BB9 /* Alamofire.xcodeproj */;
			proxyType = 2;
			remoteGlobalIDString = 4DD67C0B1A5C55C900ED2280;
			remoteInfo = "Alamofire OSX";
		};
		8357A9AA1AB07BFC00957BB9 /* PBXContainerItemProxy */ = {
			isa = PBXContainerItemProxy;
			containerPortal = 8357A99F1AB07BFC00957BB9 /* Alamofire.xcodeproj */;
			proxyType = 2;
			remoteGlobalIDString = F8111E3E19A95C8B0040E7D1;
			remoteInfo = "Alamofire iOS Tests";
		};
		8357A9AC1AB07BFC00957BB9 /* PBXContainerItemProxy */ = {
			isa = PBXContainerItemProxy;
			containerPortal = 8357A99F1AB07BFC00957BB9 /* Alamofire.xcodeproj */;
			proxyType = 2;
			remoteGlobalIDString = F829C6B21A7A94F100A2CD59;
			remoteInfo = "Alamofire OSX Tests";
		};
		8357A9AE1AB07C6E00957BB9 /* PBXContainerItemProxy */ = {
			isa = PBXContainerItemProxy;
			containerPortal = 8357A99F1AB07BFC00957BB9 /* Alamofire.xcodeproj */;
			proxyType = 1;
			remoteGlobalIDString = F8111E3219A95C8B0040E7D1;
			remoteInfo = "Alamofire iOS";
		};
		839B90881AA6C8C4002E0A01 /* PBXContainerItemProxy */ = {
			isa = PBXContainerItemProxy;
			containerPortal = 839B906A1AA6C8C3002E0A01 /* Project object */;
			proxyType = 1;
			remoteGlobalIDString = 839B90711AA6C8C3002E0A01;
			remoteInfo = TripsTap;
		};
/* End PBXContainerItemProxy section */

/* Begin PBXFileReference section */
		8357A9991AB07A0A00957BB9 /* TripMeViewController.swift */ = {isa = PBXFileReference; fileEncoding = 4; lastKnownFileType = sourcecode.swift; path = TripMeViewController.swift; sourceTree = "<group>"; };
		8357A99B1AB07ACD00957BB9 /* Connection.swift */ = {isa = PBXFileReference; fileEncoding = 4; lastKnownFileType = sourcecode.swift; path = Connection.swift; sourceTree = "<group>"; };
		8357A99F1AB07BFC00957BB9 /* Alamofire.xcodeproj */ = {isa = PBXFileReference; lastKnownFileType = "wrapper.pb-project"; name = Alamofire.xcodeproj; path = "../../../../../../Downloads/Alamofire-master/Alamofire.xcodeproj"; sourceTree = "<group>"; };
		8357A9B01AB0817C00957BB9 /* Alamofire.swift */ = {isa = PBXFileReference; fileEncoding = 4; lastKnownFileType = sourcecode.swift; path = Alamofire.swift; sourceTree = "<group>"; };
		839807E51AB1D27B00A70CBC /* TripMeTableViewCell.swift */ = {isa = PBXFileReference; fileEncoding = 4; lastKnownFileType = sourcecode.swift; path = TripMeTableViewCell.swift; sourceTree = "<group>"; };
		839B90721AA6C8C3002E0A01 /* TripsTap.app */ = {isa = PBXFileReference; explicitFileType = wrapper.application; includeInIndex = 0; path = TripsTap.app; sourceTree = BUILT_PRODUCTS_DIR; };
		839B90761AA6C8C4002E0A01 /* Info.plist */ = {isa = PBXFileReference; lastKnownFileType = text.plist.xml; path = Info.plist; sourceTree = "<group>"; };
		839B90771AA6C8C4002E0A01 /* AppDelegate.swift */ = {isa = PBXFileReference; lastKnownFileType = sourcecode.swift; path = AppDelegate.swift; sourceTree = "<group>"; };
		839B907C1AA6C8C4002E0A01 /* Base */ = {isa = PBXFileReference; lastKnownFileType = file.storyboard; name = Base; path = Base.lproj/Main.storyboard; sourceTree = "<group>"; };
		839B907E1AA6C8C4002E0A01 /* Images.xcassets */ = {isa = PBXFileReference; lastKnownFileType = folder.assetcatalog; path = Images.xcassets; sourceTree = "<group>"; };
		839B90811AA6C8C4002E0A01 /* Base */ = {isa = PBXFileReference; lastKnownFileType = file.xib; name = Base; path = Base.lproj/LaunchScreen.xib; sourceTree = "<group>"; };
		839B90871AA6C8C4002E0A01 /* TripsTapTests.xctest */ = {isa = PBXFileReference; explicitFileType = wrapper.cfbundle; includeInIndex = 0; path = TripsTapTests.xctest; sourceTree = BUILT_PRODUCTS_DIR; };
		839B908C1AA6C8C4002E0A01 /* Info.plist */ = {isa = PBXFileReference; lastKnownFileType = text.plist.xml; path = Info.plist; sourceTree = "<group>"; };
		839B908D1AA6C8C4002E0A01 /* TripsTapTests.swift */ = {isa = PBXFileReference; lastKnownFileType = sourcecode.swift; path = TripsTapTests.swift; sourceTree = "<group>"; };
		839B90971AA76339002E0A01 /* GoogleMaps.framework */ = {isa = PBXFileReference; lastKnownFileType = wrapper.framework; path = GoogleMaps.framework; sourceTree = "<group>"; };
		839B90991AA7660D002E0A01 /* AVFoundation.framework */ = {isa = PBXFileReference; lastKnownFileType = wrapper.framework; name = AVFoundation.framework; path = System/Library/Frameworks/AVFoundation.framework; sourceTree = SDKROOT; };
		839B909B1AA76615002E0A01 /* CoreData.framework */ = {isa = PBXFileReference; lastKnownFileType = wrapper.framework; name = CoreData.framework; path = System/Library/Frameworks/CoreData.framework; sourceTree = SDKROOT; };
		839B909D1AA7661D002E0A01 /* CoreLocation.framework */ = {isa = PBXFileReference; lastKnownFileType = wrapper.framework; name = CoreLocation.framework; path = System/Library/Frameworks/CoreLocation.framework; sourceTree = SDKROOT; };
		839B909F1AA76626002E0A01 /* CoreText.framework */ = {isa = PBXFileReference; lastKnownFileType = wrapper.framework; name = CoreText.framework; path = System/Library/Frameworks/CoreText.framework; sourceTree = SDKROOT; };
		839B90A11AA7662F002E0A01 /* GLKit.framework */ = {isa = PBXFileReference; lastKnownFileType = wrapper.framework; name = GLKit.framework; path = System/Library/Frameworks/GLKit.framework; sourceTree = SDKROOT; };
		839B90A31AA76637002E0A01 /* ImageIO.framework */ = {isa = PBXFileReference; lastKnownFileType = wrapper.framework; name = ImageIO.framework; path = System/Library/Frameworks/ImageIO.framework; sourceTree = SDKROOT; };
		839B90A51AA76646002E0A01 /* libc++.dylib */ = {isa = PBXFileReference; lastKnownFileType = "compiled.mach-o.dylib"; name = "libc++.dylib"; path = "usr/lib/libc++.dylib"; sourceTree = SDKROOT; };
		839B90A71AA7664F002E0A01 /* libicucore.dylib */ = {isa = PBXFileReference; lastKnownFileType = "compiled.mach-o.dylib"; name = libicucore.dylib; path = usr/lib/libicucore.dylib; sourceTree = SDKROOT; };
		839B90A91AA76656002E0A01 /* libz.dylib */ = {isa = PBXFileReference; lastKnownFileType = "compiled.mach-o.dylib"; name = libz.dylib; path = usr/lib/libz.dylib; sourceTree = SDKROOT; };
		839B90AB1AA7665C002E0A01 /* OpenGLES.framework */ = {isa = PBXFileReference; lastKnownFileType = wrapper.framework; name = OpenGLES.framework; path = System/Library/Frameworks/OpenGLES.framework; sourceTree = SDKROOT; };
		839B90AD1AA76662002E0A01 /* QuartzCore.framework */ = {isa = PBXFileReference; lastKnownFileType = wrapper.framework; name = QuartzCore.framework; path = System/Library/Frameworks/QuartzCore.framework; sourceTree = SDKROOT; };
		839B90AF1AA76669002E0A01 /* SystemConfiguration.framework */ = {isa = PBXFileReference; lastKnownFileType = wrapper.framework; name = SystemConfiguration.framework; path = System/Library/Frameworks/SystemConfiguration.framework; sourceTree = SDKROOT; };
		839B90B11AA76997002E0A01 /* TripsTap-Bridging-Header.h */ = {isa = PBXFileReference; lastKnownFileType = sourcecode.c.h; path = "TripsTap-Bridging-Header.h"; sourceTree = "<group>"; };
		839B90B61AA76BC4002E0A01 /* GoogleMaps.bundle */ = {isa = PBXFileReference; lastKnownFileType = "wrapper.plug-in"; name = GoogleMaps.bundle; path = GoogleMaps.framework/Versions/A/Resources/GoogleMaps.bundle; sourceTree = "<group>"; };
		83C2790B1AAE00C200052269 /* SlideMenuController.swift */ = {isa = PBXFileReference; fileEncoding = 4; lastKnownFileType = sourcecode.swift; path = SlideMenuController.swift; sourceTree = "<group>"; };
		83C279111AAE985900052269 /* MenuViewController.swift */ = {isa = PBXFileReference; fileEncoding = 4; lastKnownFileType = sourcecode.swift; path = MenuViewController.swift; sourceTree = "<group>"; };
		83C279131AAE9AAD00052269 /* MainViewController.swift */ = {isa = PBXFileReference; fileEncoding = 4; lastKnownFileType = sourcecode.swift; path = MainViewController.swift; sourceTree = "<group>"; };
		83C279151AAF1EC100052269 /* FacebookSDK.framework */ = {isa = PBXFileReference; lastKnownFileType = wrapper.framework; path = FacebookSDK.framework; sourceTree = "<group>"; };
/* End PBXFileReference section */

/* Begin PBXFrameworksBuildPhase section */
		839B906F1AA6C8C3002E0A01 /* Frameworks */ = {
			isa = PBXFrameworksBuildPhase;
			buildActionMask = 2147483647;
			files = (
				839B90B01AA76669002E0A01 /* SystemConfiguration.framework in Frameworks */,
				839B90AE1AA76662002E0A01 /* QuartzCore.framework in Frameworks */,
				839B90AC1AA7665C002E0A01 /* OpenGLES.framework in Frameworks */,
				839B90AA1AA76656002E0A01 /* libz.dylib in Frameworks */,
				839B90A81AA7664F002E0A01 /* libicucore.dylib in Frameworks */,
				839B90A61AA76646002E0A01 /* libc++.dylib in Frameworks */,
				839B90A41AA76637002E0A01 /* ImageIO.framework in Frameworks */,
				839B90A21AA7662F002E0A01 /* GLKit.framework in Frameworks */,
				839B90A01AA76626002E0A01 /* CoreText.framework in Frameworks */,
				839B909E1AA7661D002E0A01 /* CoreLocation.framework in Frameworks */,
				839B909C1AA76615002E0A01 /* CoreData.framework in Frameworks */,
				839B909A1AA7660D002E0A01 /* AVFoundation.framework in Frameworks */,
				839B90981AA76339002E0A01 /* GoogleMaps.framework in Frameworks */,
				83C279161AAF1EC100052269 /* FacebookSDK.framework in Frameworks */,
			);
			runOnlyForDeploymentPostprocessing = 0;
		};
		839B90841AA6C8C4002E0A01 /* Frameworks */ = {
			isa = PBXFrameworksBuildPhase;
			buildActionMask = 2147483647;
			files = (
			);
			runOnlyForDeploymentPostprocessing = 0;
		};
/* End PBXFrameworksBuildPhase section */

/* Begin PBXGroup section */
		8357A9A01AB07BFC00957BB9 /* Products */ = {
			isa = PBXGroup;
			children = (
				8357A9A71AB07BFC00957BB9 /* Alamofire.framework */,
				8357A9A91AB07BFC00957BB9 /* Alamofire.framework */,
				8357A9AB1AB07BFC00957BB9 /* Alamofire iOS Tests.xctest */,
				8357A9AD1AB07BFC00957BB9 /* Alamofire OSX Tests.xctest */,
			);
			name = Products;
			sourceTree = "<group>";
		};
		839807E11AB1B3D400A70CBC /* controller */ = {
			isa = PBXGroup;
			children = (
				8357A9991AB07A0A00957BB9 /* TripMeViewController.swift */,
				839807E51AB1D27B00A70CBC /* TripMeTableViewCell.swift */,
				83C279111AAE985900052269 /* MenuViewController.swift */,
				83C279131AAE9AAD00052269 /* MainViewController.swift */,
			);
			name = controller;
			sourceTree = "<group>";
		};
		839B90691AA6C8C3002E0A01 = {
			isa = PBXGroup;
			children = (
				839B90741AA6C8C3002E0A01 /* TripsTap */,
				839B908A1AA6C8C4002E0A01 /* TripsTapTests */,
				839B90731AA6C8C3002E0A01 /* Products */,
			);
			sourceTree = "<group>";
		};
		839B90731AA6C8C3002E0A01 /* Products */ = {
			isa = PBXGroup;
			children = (
				839B90721AA6C8C3002E0A01 /* TripsTap.app */,
				839B90871AA6C8C4002E0A01 /* TripsTapTests.xctest */,
			);
			name = Products;
			sourceTree = "<group>";
		};
		839B90741AA6C8C3002E0A01 /* TripsTap */ = {
			isa = PBXGroup;
			children = (
				83C2790A1AAE008600052269 /* library */,
				83C279091AAE004A00052269 /* framwork */,
				839B90771AA6C8C4002E0A01 /* AppDelegate.swift */,
				8357A99B1AB07ACD00957BB9 /* Connection.swift */,
				839807E11AB1B3D400A70CBC /* controller */,
				839B907B1AA6C8C4002E0A01 /* Main.storyboard */,
				839B907E1AA6C8C4002E0A01 /* Images.xcassets */,
				839B90801AA6C8C4002E0A01 /* LaunchScreen.xib */,
				839B90751AA6C8C3002E0A01 /* Supporting Files */,
				839B90B11AA76997002E0A01 /* TripsTap-Bridging-Header.h */,
			);
			path = TripsTap;
			sourceTree = "<group>";
		};
		839B90751AA6C8C3002E0A01 /* Supporting Files */ = {
			isa = PBXGroup;
			children = (
				839B90761AA6C8C4002E0A01 /* Info.plist */,
			);
			name = "Supporting Files";
			sourceTree = "<group>";
		};
		839B908A1AA6C8C4002E0A01 /* TripsTapTests */ = {
			isa = PBXGroup;
			children = (
				839B908D1AA6C8C4002E0A01 /* TripsTapTests.swift */,
				839B908B1AA6C8C4002E0A01 /* Supporting Files */,
			);
			path = TripsTapTests;
			sourceTree = "<group>";
		};
		839B908B1AA6C8C4002E0A01 /* Supporting Files */ = {
			isa = PBXGroup;
			children = (
				839B908C1AA6C8C4002E0A01 /* Info.plist */,
			);
			name = "Supporting Files";
			sourceTree = "<group>";
		};
		83C279091AAE004A00052269 /* framwork */ = {
			isa = PBXGroup;
			children = (
				83C279151AAF1EC100052269 /* FacebookSDK.framework */,
				839B90971AA76339002E0A01 /* GoogleMaps.framework */,
				839B90B61AA76BC4002E0A01 /* GoogleMaps.bundle */,
				839B90AF1AA76669002E0A01 /* SystemConfiguration.framework */,
				839B90AD1AA76662002E0A01 /* QuartzCore.framework */,
				839B90AB1AA7665C002E0A01 /* OpenGLES.framework */,
				839B90A91AA76656002E0A01 /* libz.dylib */,
				839B90A71AA7664F002E0A01 /* libicucore.dylib */,
				839B90A51AA76646002E0A01 /* libc++.dylib */,
				839B90A31AA76637002E0A01 /* ImageIO.framework */,
				839B90A11AA7662F002E0A01 /* GLKit.framework */,
				839B909F1AA76626002E0A01 /* CoreText.framework */,
				839B909D1AA7661D002E0A01 /* CoreLocation.framework */,
				839B909B1AA76615002E0A01 /* CoreData.framework */,
				839B90991AA7660D002E0A01 /* AVFoundation.framework */,
			);
			name = framwork;
			sourceTree = "<group>";
		};
		83C2790A1AAE008600052269 /* library */ = {
			isa = PBXGroup;
			children = (
				83C2790B1AAE00C200052269 /* SlideMenuController.swift */,
				8357A9B01AB0817C00957BB9 /* Alamofire.swift */,
				8357A99F1AB07BFC00957BB9 /* Alamofire.xcodeproj */,
			);
			name = library;
			sourceTree = "<group>";
		};
/* End PBXGroup section */

/* Begin PBXNativeTarget section */
		839B90711AA6C8C3002E0A01 /* TripsTap */ = {
			isa = PBXNativeTarget;
			buildConfigurationList = 839B90911AA6C8C4002E0A01 /* Build configuration list for PBXNativeTarget "TripsTap" */;
			buildPhases = (
				839B906E1AA6C8C3002E0A01 /* Sources */,
				839B906F1AA6C8C3002E0A01 /* Frameworks */,
				839B90701AA6C8C3002E0A01 /* Resources */,
			);
			buildRules = (
			);
			dependencies = (
				8357A9AF1AB07C6E00957BB9 /* PBXTargetDependency */,
			);
			name = TripsTap;
			productName = TripsTap;
			productReference = 839B90721AA6C8C3002E0A01 /* TripsTap.app */;
			productType = "com.apple.product-type.application";
		};
		839B90861AA6C8C4002E0A01 /* TripsTapTests */ = {
			isa = PBXNativeTarget;
			buildConfigurationList = 839B90941AA6C8C4002E0A01 /* Build configuration list for PBXNativeTarget "TripsTapTests" */;
			buildPhases = (
				839B90831AA6C8C4002E0A01 /* Sources */,
				839B90841AA6C8C4002E0A01 /* Frameworks */,
				839B90851AA6C8C4002E0A01 /* Resources */,
			);
			buildRules = (
			);
			dependencies = (
				839B90891AA6C8C4002E0A01 /* PBXTargetDependency */,
			);
			name = TripsTapTests;
			productName = TripsTapTests;
			productReference = 839B90871AA6C8C4002E0A01 /* TripsTapTests.xctest */;
			productType = "com.apple.product-type.bundle.unit-test";
		};
/* End PBXNativeTarget section */

/* Begin PBXProject section */
		839B906A1AA6C8C3002E0A01 /* Project object */ = {
			isa = PBXProject;
			attributes = {
				LastUpgradeCheck = 0610;
				ORGANIZATIONNAME = "Piyawut Kamwiset";
				TargetAttributes = {
					839B90711AA6C8C3002E0A01 = {
						CreatedOnToolsVersion = 6.1.1;
					};
					839B90861AA6C8C4002E0A01 = {
						CreatedOnToolsVersion = 6.1.1;
						TestTargetID = 839B90711AA6C8C3002E0A01;
					};
				};
			};
			buildConfigurationList = 839B906D1AA6C8C3002E0A01 /* Build configuration list for PBXProject "TripsTap" */;
			compatibilityVersion = "Xcode 3.2";
			developmentRegion = English;
			hasScannedForEncodings = 0;
			knownRegions = (
				en,
				Base,
			);
			mainGroup = 839B90691AA6C8C3002E0A01;
			productRefGroup = 839B90731AA6C8C3002E0A01 /* Products */;
			projectDirPath = "";
			projectReferences = (
				{
					ProductGroup = 8357A9A01AB07BFC00957BB9 /* Products */;
					ProjectRef = 8357A99F1AB07BFC00957BB9 /* Alamofire.xcodeproj */;
				},
			);
			projectRoot = "";
			targets = (
				839B90711AA6C8C3002E0A01 /* TripsTap */,
				839B90861AA6C8C4002E0A01 /* TripsTapTests */,
			);
		};
/* End PBXProject section */

/* Begin PBXReferenceProxy section */
		8357A9A71AB07BFC00957BB9 /* Alamofire.framework */ = {
			isa = PBXReferenceProxy;
			fileType = wrapper.framework;
			path = Alamofire.framework;
			remoteRef = 8357A9A61AB07BFC00957BB9 /* PBXContainerItemProxy */;
			sourceTree = BUILT_PRODUCTS_DIR;
		};
		8357A9A91AB07BFC00957BB9 /* Alamofire.framework */ = {
			isa = PBXReferenceProxy;
			fileType = wrapper.framework;
			path = Alamofire.framework;
			remoteRef = 8357A9A81AB07BFC00957BB9 /* PBXContainerItemProxy */;
			sourceTree = BUILT_PRODUCTS_DIR;
		};
		8357A9AB1AB07BFC00957BB9 /* Alamofire iOS Tests.xctest */ = {
			isa = PBXReferenceProxy;
			fileType = wrapper.cfbundle;
			path = "Alamofire iOS Tests.xctest";
			remoteRef = 8357A9AA1AB07BFC00957BB9 /* PBXContainerItemProxy */;
			sourceTree = BUILT_PRODUCTS_DIR;
		};
		8357A9AD1AB07BFC00957BB9 /* Alamofire OSX Tests.xctest */ = {
			isa = PBXReferenceProxy;
			fileType = wrapper.cfbundle;
			path = "Alamofire OSX Tests.xctest";
			remoteRef = 8357A9AC1AB07BFC00957BB9 /* PBXContainerItemProxy */;
			sourceTree = BUILT_PRODUCTS_DIR;
		};
/* End PBXReferenceProxy section */

/* Begin PBXResourcesBuildPhase section */
		839B90701AA6C8C3002E0A01 /* Resources */ = {
			isa = PBXResourcesBuildPhase;
			buildActionMask = 2147483647;
			files = (
				839B907D1AA6C8C4002E0A01 /* Main.storyboard in Resources */,
				839B90821AA6C8C4002E0A01 /* LaunchScreen.xib in Resources */,
				839B907F1AA6C8C4002E0A01 /* Images.xcassets in Resources */,
				839B90B71AA76BC4002E0A01 /* GoogleMaps.bundle in Resources */,
			);
			runOnlyForDeploymentPostprocessing = 0;
		};
		839B90851AA6C8C4002E0A01 /* Resources */ = {
			isa = PBXResourcesBuildPhase;
			buildActionMask = 2147483647;
			files = (
			);
			runOnlyForDeploymentPostprocessing = 0;
		};
/* End PBXResourcesBuildPhase section */

/* Begin PBXSourcesBuildPhase section */
		839B906E1AA6C8C3002E0A01 /* Sources */ = {
			isa = PBXSourcesBuildPhase;
			buildActionMask = 2147483647;
			files = (
				839807E61AB1D27B00A70CBC /* TripMeTableViewCell.swift in Sources */,
				83C2790C1AAE00C200052269 /* SlideMenuController.swift in Sources */,
				8357A99C1AB07ACD00957BB9 /* Connection.swift in Sources */,
				8357A99A1AB07A0A00957BB9 /* TripMeViewController.swift in Sources */,
				839B90781AA6C8C4002E0A01 /* AppDelegate.swift in Sources */,
				83C279121AAE985900052269 /* MenuViewController.swift in Sources */,
				83C279141AAE9AAD00052269 /* MainViewController.swift in Sources */,
				8357A9B11AB0817C00957BB9 /* Alamofire.swift in Sources */,
			);
			runOnlyForDeploymentPostprocessing = 0;
		};
		839B90831AA6C8C4002E0A01 /* Sources */ = {
			isa = PBXSourcesBuildPhase;
			buildActionMask = 2147483647;
			files = (
				839B908E1AA6C8C4002E0A01 /* TripsTapTests.swift in Sources */,
			);
			runOnlyForDeploymentPostprocessing = 0;
		};
/* End PBXSourcesBuildPhase section */

/* Begin PBXTargetDependency section */
		8357A9AF1AB07C6E00957BB9 /* PBXTargetDependency */ = {
			isa = PBXTargetDependency;
			name = "Alamofire iOS";
			targetProxy = 8357A9AE1AB07C6E00957BB9 /* PBXContainerItemProxy */;
		};
		839B90891AA6C8C4002E0A01 /* PBXTargetDependency */ = {
			isa = PBXTargetDependency;
			target = 839B90711AA6C8C3002E0A01 /* TripsTap */;
			targetProxy = 839B90881AA6C8C4002E0A01 /* PBXContainerItemProxy */;
		};
/* End PBXTargetDependency section */

/* Begin PBXVariantGroup section */
		839B907B1AA6C8C4002E0A01 /* Main.storyboard */ = {
			isa = PBXVariantGroup;
			children = (
				839B907C1AA6C8C4002E0A01 /* Base */,
			);
			name = Main.storyboard;
			sourceTree = "<group>";
		};
		839B90801AA6C8C4002E0A01 /* LaunchScreen.xib */ = {
			isa = PBXVariantGroup;
			children = (
				839B90811AA6C8C4002E0A01 /* Base */,
			);
			name = LaunchScreen.xib;
			sourceTree = "<group>";
		};
/* End PBXVariantGroup section */

/* Begin XCBuildConfiguration section */
		839B908F1AA6C8C4002E0A01 /* Debug */ = {
			isa = XCBuildConfiguration;
			buildSettings = {
				ALWAYS_SEARCH_USER_PATHS = NO;
				CLANG_CXX_LANGUAGE_STANDARD = "gnu++0x";
				CLANG_CXX_LIBRARY = "libc++";
				CLANG_ENABLE_MODULES = YES;
				CLANG_ENABLE_OBJC_ARC = YES;
				CLANG_WARN_BOOL_CONVERSION = YES;
				CLANG_WARN_CONSTANT_CONVERSION = YES;
				CLANG_WARN_DIRECT_OBJC_ISA_USAGE = YES_ERROR;
				CLANG_WARN_EMPTY_BODY = YES;
				CLANG_WARN_ENUM_CONVERSION = YES;
				CLANG_WARN_INT_CONVERSION = YES;
				CLANG_WARN_OBJC_ROOT_CLASS = YES_ERROR;
				CLANG_WARN_UNREACHABLE_CODE = YES;
				CLANG_WARN__DUPLICATE_METHOD_MATCH = YES;
				"CODE_SIGN_IDENTITY[sdk=iphoneos*]" = "iPhone Developer";
				COPY_PHASE_STRIP = NO;
				ENABLE_STRICT_OBJC_MSGSEND = YES;
				GCC_C_LANGUAGE_STANDARD = gnu99;
				GCC_DYNAMIC_NO_PIC = NO;
				GCC_OPTIMIZATION_LEVEL = 0;
				GCC_PREPROCESSOR_DEFINITIONS = (
					"DEBUG=1",
					"$(inherited)",
				);
				GCC_SYMBOLS_PRIVATE_EXTERN = NO;
				GCC_WARN_64_TO_32_BIT_CONVERSION = YES;
				GCC_WARN_ABOUT_RETURN_TYPE = YES_ERROR;
				GCC_WARN_UNDECLARED_SELECTOR = YES;
				GCC_WARN_UNINITIALIZED_AUTOS = YES_AGGRESSIVE;
				GCC_WARN_UNUSED_FUNCTION = YES;
				GCC_WARN_UNUSED_VARIABLE = YES;
				IPHONEOS_DEPLOYMENT_TARGET = 8.1;
				MTL_ENABLE_DEBUG_INFO = YES;
				ONLY_ACTIVE_ARCH = YES;
				SDKROOT = iphoneos;
				SWIFT_OPTIMIZATION_LEVEL = "-Onone";
				TARGETED_DEVICE_FAMILY = "1,2";
			};
			name = Debug;
		};
		839B90901AA6C8C4002E0A01 /* Release */ = {
			isa = XCBuildConfiguration;
			buildSettings = {
				ALWAYS_SEARCH_USER_PATHS = NO;
				CLANG_CXX_LANGUAGE_STANDARD = "gnu++0x";
				CLANG_CXX_LIBRARY = "libc++";
				CLANG_ENABLE_MODULES = YES;
				CLANG_ENABLE_OBJC_ARC = YES;
				CLANG_WARN_BOOL_CONVERSION = YES;
				CLANG_WARN_CONSTANT_CONVERSION = YES;
				CLANG_WARN_DIRECT_OBJC_ISA_USAGE = YES_ERROR;
				CLANG_WARN_EMPTY_BODY = YES;
				CLANG_WARN_ENUM_CONVERSION = YES;
				CLANG_WARN_INT_CONVERSION = YES;
				CLANG_WARN_OBJC_ROOT_CLASS = YES_ERROR;
				CLANG_WARN_UNREACHABLE_CODE = YES;
				CLANG_WARN__DUPLICATE_METHOD_MATCH = YES;
				"CODE_SIGN_IDENTITY[sdk=iphoneos*]" = "iPhone Developer";
				COPY_PHASE_STRIP = YES;
				ENABLE_NS_ASSERTIONS = NO;
				ENABLE_STRICT_OBJC_MSGSEND = YES;
				GCC_C_LANGUAGE_STANDARD = gnu99;
				GCC_WARN_64_TO_32_BIT_CONVERSION = YES;
				GCC_WARN_ABOUT_RETURN_TYPE = YES_ERROR;
				GCC_WARN_UNDECLARED_SELECTOR = YES;
				GCC_WARN_UNINITIALIZED_AUTOS = YES_AGGRESSIVE;
				GCC_WARN_UNUSED_FUNCTION = YES;
				GCC_WARN_UNUSED_VARIABLE = YES;
				IPHONEOS_DEPLOYMENT_TARGET = 8.1;
				MTL_ENABLE_DEBUG_INFO = NO;
				SDKROOT = iphoneos;
				TARGETED_DEVICE_FAMILY = "1,2";
				VALIDATE_PRODUCT = YES;
			};
			name = Release;
		};
		839B90921AA6C8C4002E0A01 /* Debug */ = {
			isa = XCBuildConfiguration;
			buildSettings = {
				ASSETCATALOG_COMPILER_APPICON_NAME = AppIcon;
				CLANG_ENABLE_MODULES = YES;
				FRAMEWORK_SEARCH_PATHS = (
					"$(inherited)",
					"$(PROJECT_DIR)/TripsTap",
				);
				INFOPLIST_FILE = TripsTap/Info.plist;
				IPHONEOS_DEPLOYMENT_TARGET = 7.0;
				LD_RUNPATH_SEARCH_PATHS = "$(inherited) @executable_path/Frameworks";
				OTHER_LDFLAGS = "-ObjC";
				PRODUCT_NAME = "$(TARGET_NAME)";
				SWIFT_OBJC_BRIDGING_HEADER = "TripsTap/TripsTap-Bridging-Header.h";
				SWIFT_OPTIMIZATION_LEVEL = "-Onone";
			};
			name = Debug;
		};
		839B90931AA6C8C4002E0A01 /* Release */ = {
			isa = XCBuildConfiguration;
			buildSettings = {
				ASSETCATALOG_COMPILER_APPICON_NAME = AppIcon;
				CLANG_ENABLE_MODULES = YES;
				FRAMEWORK_SEARCH_PATHS = (
					"$(inherited)",
					"$(PROJECT_DIR)/TripsTap",
				);
				INFOPLIST_FILE = TripsTap/Info.plist;
				IPHONEOS_DEPLOYMENT_TARGET = 7.0;
				LD_RUNPATH_SEARCH_PATHS = "$(inherited) @executable_path/Frameworks";
				OTHER_LDFLAGS = "-ObjC";
				PRODUCT_NAME = "$(TARGET_NAME)";
				SWIFT_OBJC_BRIDGING_HEADER = "TripsTap/TripsTap-Bridging-Header.h";
			};
			name = Release;
		};
		839B90951AA6C8C4002E0A01 /* Debug */ = {
			isa = XCBuildConfiguration;
			buildSettings = {
				BUNDLE_LOADER = "$(TEST_HOST)";
				FRAMEWORK_SEARCH_PATHS = (
					"$(SDKROOT)/Developer/Library/Frameworks",
					"$(inherited)",
				);
				GCC_PREPROCESSOR_DEFINITIONS = (
					"DEBUG=1",
					"$(inherited)",
				);
				INFOPLIST_FILE = TripsTapTests/Info.plist;
				LD_RUNPATH_SEARCH_PATHS = "$(inherited) @executable_path/Frameworks @loader_path/Frameworks";
				PRODUCT_NAME = "$(TARGET_NAME)";
				TEST_HOST = "$(BUILT_PRODUCTS_DIR)/TripsTap.app/TripsTap";
			};
			name = Debug;
		};
		839B90961AA6C8C4002E0A01 /* Release */ = {
			isa = XCBuildConfiguration;
			buildSettings = {
				BUNDLE_LOADER = "$(TEST_HOST)";
				FRAMEWORK_SEARCH_PATHS = (
					"$(SDKROOT)/Developer/Library/Frameworks",
					"$(inherited)",
				);
				INFOPLIST_FILE = TripsTapTests/Info.plist;
				LD_RUNPATH_SEARCH_PATHS = "$(inherited) @executable_path/Frameworks @loader_path/Frameworks";
				PRODUCT_NAME = "$(TARGET_NAME)";
				TEST_HOST = "$(BUILT_PRODUCTS_DIR)/TripsTap.app/TripsTap";
			};
			name = Release;
		};
/* End XCBuildConfiguration section */

/* Begin XCConfigurationList section */
		839B906D1AA6C8C3002E0A01 /* Build configuration list for PBXProject "TripsTap" */ = {
			isa = XCConfigurationList;
			buildConfigurations = (
				839B908F1AA6C8C4002E0A01 /* Debug */,
				839B90901AA6C8C4002E0A01 /* Release */,
			);
			defaultConfigurationIsVisible = 0;
			defaultConfigurationName = Release;
		};
		839B90911AA6C8C4002E0A01 /* Build configuration list for PBXNativeTarget "TripsTap" */ = {
			isa = XCConfigurationList;
			buildConfigurations = (
				839B90921AA6C8C4002E0A01 /* Debug */,
				839B90931AA6C8C4002E0A01 /* Release */,
			);
			defaultConfigurationIsVisible = 0;
			defaultConfigurationName = Release;
		};
		839B90941AA6C8C4002E0A01 /* Build configuration list for PBXNativeTarget "TripsTapTests" */ = {
			isa = XCConfigurationList;
			buildConfigurations = (
				839B90951AA6C8C4002E0A01 /* Debug */,
				839B90961AA6C8C4002E0A01 /* Release */,
			);
			defaultConfigurationIsVisible = 0;
			defaultConfigurationName = Release;
		};
/* End XCConfigurationList section */
	};
	rootObject = 839B906A1AA6C8C3002E0A01 /* Project object */;
}
